<?xml version="1.0" encoding="utf-8"?>
<Project ToolsVersion="4.0" xmlns="http://schemas.microsoft.com/developer/msbuild/2003">
  <ItemGroup>
    <Filter Include="Chess">
      <UniqueIdentifier>{b23eca51-b541-4bc9-b6ef-2f82d9a1fd1a}</UniqueIdentifier>
    </Filter>
    <Filter Include="Chess\ChessPieces">
      <UniqueIdentifier>{3a89c902-04e2-4f4e-b831-05b5ee14e152}</UniqueIdentifier>
    </Filter>
    <Filter Include="Chess\Utils">
      <UniqueIdentifier>{595a2b2f-64f8-4c86-b30a-2d56139ee523}</UniqueIdentifier>
    </Filter>
  </ItemGroup>
  <ItemGroup>
    <ClCompile Include="src\Chess\ChessPieces\Bishop.cpp">
      <Filter>Chess\ChessPieces</Filter>
    </ClCompile>
    <ClCompile Include="src\Chess\ChessPieces\ChessPiece.cpp">
      <Filter>Chess\ChessPieces</Filter>
    </ClCompile>
    <ClCompile Include="src\Chess\ChessPieces\King.cpp">
      <Filter>Chess\ChessPieces</Filter>
    </ClCompile>
    <ClCompile Include="src\Chess\ChessPieces\Knight.cpp">
      <Filter>Chess\ChessPieces</Filter>
    </ClCompile>
    <ClCompile Include="src\Chess\ChessPieces\Pawn.cpp">
      <Filter>Chess\ChessPieces</Filter>
    </ClCompile>
    <ClCompile Include="src\Chess\ChessPieces\Queen.cpp">
      <Filter>Chess\ChessPieces</Filter>
    </ClCompile>
    <ClCompile Include="src\Chess\ChessPieces\Rook.cpp">
      <Filter>Chess\ChessPieces</Filter>
    </ClCompile>
    <ClCompile Include="src\Chess\ChessBoard.cpp">
      <Filter>Chess</Filter>
    </ClCompile>
    <ClCompile Include="src\Chess\ChessboardTile.cpp">
      <Filter>Chess</Filter>
    </ClCompile>
    <ClCompile Include="src\Chess\Chessy.cpp">
      <Filter>Chess</Filter>
    </ClCompile>
    <ClCompile Include="src\Chess\Utils\Logger.cpp">
      <Filter>Chess\Utils</Filter>
    </ClCompile>
    <ClCompile Include="src\Chess\Utils\Utils.cpp">
      <Filter>Chess\Utils</Filter>
    </ClCompile>
  </ItemGroup>
  <ItemGroup>
    <ClInclude Include="src\Chess\ChessPieces\Bishop.h">
      <Filter>Chess\ChessPieces</Filter>
    </ClInclude>
    <ClInclude Include="src\Chess\ChessPieces\ChessPiece.h">
      <Filter>Chess\ChessPieces</Filter>
    </ClInclude>
    <ClInclude Include="src\Chess\ChessPieces\King.h">
      <Filter>Chess\ChessPieces</Filter>
    </ClInclude>
    <ClInclude Include="src\Chess\ChessPieces\Knight.h">
      <Filter>Chess\ChessPieces</Filter>
    </ClInclude>
    <ClInclude Include="src\Chess\ChessPieces\Pawn.h">
      <Filter>Chess\ChessPieces</Filter>
    </ClInclude>
    <ClInclude Include="src\Chess\ChessPieces\Queen.h">
      <Filter>Chess\ChessPieces</Filter>
    </ClInclude>
    <ClInclude Include="src\Chess\ChessPieces\Rook.h">
      <Filter>Chess\ChessPieces</Filter>
    </ClInclude>
    <ClInclude Include="src\Chess\ChessBoard.h">
      <Filter>Chess</Filter>
    </ClInclude>
    <ClInclude Include="src\Chess\ChessboardTile.h">
      <Filter>Chess</Filter>
    </ClInclude>
    <ClInclude Include="src\Chess\Chessy.h">
      <Filter>Chess</Filter>
    </ClInclude>
    <ClInclude Include="src\Chess\Utils\Logger.h">
      <Filter>Chess\Utils</Filter>
    </ClInclude>
    <ClInclude Include="src\Chess\Utils\Utils.h">
      <Filter>Chess\Utils</Filter>
    </ClInclude>
  </ItemGroup>
</Project>